
Microsoft Visual Studio Solution File, Format Version 12.00
# Visual Studio Version 16
VisualStudioVersion = 16.0.30114.105
MinimumVisualStudioVersion = 10.0.40219.1
Project("{FAE04EC0-301F-11D3-BF4B-00C04F79EFBC}") = "LifeGame.App", "LifeGame.App\LifeGame.App.csproj", "{9B214E84-319C-4DC1-A76F-BD2505A3E5FE}"
EndProject
Project("{FAE04EC0-301F-11D3-BF4B-00C04F79EFBC}") = "LifeGame.Tests", "LifeGame.Tests\LifeGame.Tests.csproj", "{76758787-E722-4042-B1CF-792D681894DC}"
EndProject
Global
	GlobalSection(SolutionConfigurationPlatforms) = preSolution
		Debug|Any CPU = Debug|Any CPU
		Release|Any CPU = Release|Any CPU
	EndGlobalSection
	GlobalSection(SolutionProperties) = preSolution
		HideSolutionNode = FALSE
	EndGlobalSection
	GlobalSection(ProjectConfigurationPlatforms) = postSolution
		{9B214E84-319C-4DC1-A76F-BD2505A3E5FE}.Debug|Any CPU.ActiveCfg = Debug|Any CPU
		{9B214E84-319C-4DC1-A76F-BD2505A3E5FE}.Debug|Any CPU.Build.0 = Debug|Any CPU
		{9B214E84-319C-4DC1-A76F-BD2505A3E5FE}.Release|Any CPU.ActiveCfg = Release|Any CPU
		{9B214E84-319C-4DC1-A76F-BD2505A3E5FE}.Release|Any CPU.Build.0 = Release|Any CPU
		{76758787-E722-4042-B1CF-792D681894DC}.Debug|Any CPU.ActiveCfg = Debug|Any CPU
		{76758787-E722-4042-B1CF-792D681894DC}.Debug|Any CPU.Build.0 = Debug|Any CPU
		{76758787-E722-4042-B1CF-792D681894DC}.Release|Any CPU.ActiveCfg = Release|Any CPU
		{76758787-E722-4042-B1CF-792D681894DC}.Release|Any CPU.Build.0 = Release|Any CPU
	EndGlobalSection
EndGlobal
